
Microsoft Visual Studio Solution File, Format Version 12.00
# Visual Studio Version 17
VisualStudioVersion = 17.10.34928.147
MinimumVisualStudioVersion = 10.0.40219.1
Project("{FAE04EC0-301F-11D3-BF4B-00C04F79EFBC}") = "OnlineWallet", "OnlineWallet\OnlineWallet.csproj", "{B7ED0EEA-B4D4-4491-925A-E8A33BB2F11B}"
EndProject
Global
	GlobalSection(SolutionConfigurationPlatforms) = preSolution
		Debug|Any CPU = Debug|Any CPU
		Release|Any CPU = Release|Any CPU
	EndGlobalSection
	GlobalSection(ProjectConfigurationPlatforms) = postSolution
		{B7ED0EEA-B4D4-4491-925A-E8A33BB2F11B}.Debug|Any CPU.ActiveCfg = Debug|Any CPU
		{B7ED0EEA-B4D4-4491-925A-E8A33BB2F11B}.Debug|Any CPU.Build.0 = Debug|Any CPU
		{B7ED0EEA-B4D4-4491-925A-E8A33BB2F11B}.Release|Any CPU.ActiveCfg = Release|Any CPU
		{B7ED0EEA-B4D4-4491-925A-E8A33BB2F11B}.Release|Any CPU.Build.0 = Release|Any CPU
	EndGlobalSection
	GlobalSection(SolutionProperties) = preSolution
		HideSolutionNode = FALSE
	EndGlobalSection
	GlobalSection(ExtensibilityGlobals) = postSolution
		SolutionGuid = {75FA830E-2C5A-42BB-A5B1-F62783D9C114}
	EndGlobalSection
EndGlobal
